// !$*UTF8*$!
{
	archiveVersion = 1;
	classes = {
	};
	objectVersion = 55;
	objects = {

/* Begin PBXBuildFile section */
		F205A6802884296B00C9BF0B /* todoApp.swift in Sources */ = {isa = PBXBuildFile; fileRef = F205A67F2884296B00C9BF0B /* todoApp.swift */; };
		F205A6822884296B00C9BF0B /* ContentView.swift in Sources */ = {isa = PBXBuildFile; fileRef = F205A6812884296B00C9BF0B /* ContentView.swift */; };
		F205A6842884296D00C9BF0B /* Assets.xcassets in Resources */ = {isa = PBXBuildFile; fileRef = F205A6832884296D00C9BF0B /* Assets.xcassets */; };
		F205A6872884296D00C9BF0B /* Preview Assets.xcassets in Resources */ = {isa = PBXBuildFile; fileRef = F205A6862884296D00C9BF0B /* Preview Assets.xcassets */; };
		F205A6912884296D00C9BF0B /* todoTests.swift in Sources */ = {isa = PBXBuildFile; fileRef = F205A6902884296D00C9BF0B /* todoTests.swift */; };
		F205A69B2884296D00C9BF0B /* todoUITests.swift in Sources */ = {isa = PBXBuildFile; fileRef = F205A69A2884296D00C9BF0B /* todoUITests.swift */; };
		F205A69D2884296D00C9BF0B /* todoUITestsLaunchTests.swift in Sources */ = {isa = PBXBuildFile; fileRef = F205A69C2884296D00C9BF0B /* todoUITestsLaunchTests.swift */; };
		F205A6AA2884349B00C9BF0B /* Todo.swift in Sources */ = {isa = PBXBuildFile; fileRef = F205A6A92884349B00C9BF0B /* Todo.swift */; };
		F205A6AC28843D8900C9BF0B /* TodoView.swift in Sources */ = {isa = PBXBuildFile; fileRef = F205A6AB28843D8900C9BF0B /* TodoView.swift */; };
		F205A6AE2884530400C9BF0B /* TodosView.swift in Sources */ = {isa = PBXBuildFile; fileRef = F205A6AD2884530400C9BF0B /* TodosView.swift */; };
/* End PBXBuildFile section */

/* Begin PBXContainerItemProxy section */
		F205A68D2884296D00C9BF0B /* PBXContainerItemProxy */ = {
			isa = PBXContainerItemProxy;
			containerPortal = F205A6742884296B00C9BF0B /* Project object */;
			proxyType = 1;
			remoteGlobalIDString = F205A67B2884296B00C9BF0B;
			remoteInfo = todo;
		};
		F205A6972884296D00C9BF0B /* PBXContainerItemProxy */ = {
			isa = PBXContainerItemProxy;
			containerPortal = F205A6742884296B00C9BF0B /* Project object */;
			proxyType = 1;
			remoteGlobalIDString = F205A67B2884296B00C9BF0B;
			remoteInfo = todo;
		};
/* End PBXContainerItemProxy section */

/* Begin PBXFileReference section */
		F205A67C2884296B00C9BF0B /* todo.app */ = {isa = PBXFileReference; explicitFileType = wrapper.application; includeInIndex = 0; path = todo.app; sourceTree = BUILT_PRODUCTS_DIR; };
		F205A67F2884296B00C9BF0B /* todoApp.swift */ = {isa = PBXFileReference; lastKnownFileType = sourcecode.swift; path = todoApp.swift; sourceTree = "<group>"; };
		F205A6812884296B00C9BF0B /* ContentView.swift */ = {isa = PBXFileReference; lastKnownFileType = sourcecode.swift; path = ContentView.swift; sourceTree = "<group>"; };
		F205A6832884296D00C9BF0B /* Assets.xcassets */ = {isa = PBXFileReference; lastKnownFileType = folder.assetcatalog; path = Assets.xcassets; sourceTree = "<group>"; };
		F205A6862884296D00C9BF0B /* Preview Assets.xcassets */ = {isa = PBXFileReference; lastKnownFileType = folder.assetcatalog; path = "Preview Assets.xcassets"; sourceTree = "<group>"; };
		F205A68C2884296D00C9BF0B /* todoTests.xctest */ = {isa = PBXFileReference; explicitFileType = wrapper.cfbundle; includeInIndex = 0; path = todoTests.xctest; sourceTree = BUILT_PRODUCTS_DIR; };
		F205A6902884296D00C9BF0B /* todoTests.swift */ = {isa = PBXFileReference; lastKnownFileType = sourcecode.swift; path = todoTests.swift; sourceTree = "<group>"; };
		F205A6962884296D00C9BF0B /* todoUITests.xctest */ = {isa = PBXFileReference; explicitFileType = wrapper.cfbundle; includeInIndex = 0; path = todoUITests.xctest; sourceTree = BUILT_PRODUCTS_DIR; };
		F205A69A2884296D00C9BF0B /* todoUITests.swift */ = {isa = PBXFileReference; lastKnownFileType = sourcecode.swift; path = todoUITests.swift; sourceTree = "<group>"; };
		F205A69C2884296D00C9BF0B /* todoUITestsLaunchTests.swift */ = {isa = PBXFileReference; lastKnownFileType = sourcecode.swift; path = todoUITestsLaunchTests.swift; sourceTree = "<group>"; };
		F205A6A92884349B00C9BF0B /* Todo.swift */ = {isa = PBXFileReference; lastKnownFileType = sourcecode.swift; path = Todo.swift; sourceTree = "<group>"; };
		F205A6AB28843D8900C9BF0B /* TodoView.swift */ = {isa = PBXFileReference; lastKnownFileType = sourcecode.swift; path = TodoView.swift; sourceTree = "<group>"; };
		F205A6AD2884530400C9BF0B /* TodosView.swift */ = {isa = PBXFileReference; lastKnownFileType = sourcecode.swift; path = TodosView.swift; sourceTree = "<group>"; };
/* End PBXFileReference section */

/* Begin PBXFrameworksBuildPhase section */
		F205A6792884296B00C9BF0B /* Frameworks */ = {
			isa = PBXFrameworksBuildPhase;
			buildActionMask = 2147483647;
			files = (
			);
			runOnlyForDeploymentPostprocessing = 0;
		};
		F205A6892884296D00C9BF0B /* Frameworks */ = {
			isa = PBXFrameworksBuildPhase;
			buildActionMask = 2147483647;
			files = (
			);
			runOnlyForDeploymentPostprocessing = 0;
		};
		F205A6932884296D00C9BF0B /* Frameworks */ = {
			isa = PBXFrameworksBuildPhase;
			buildActionMask = 2147483647;
			files = (
			);
			runOnlyForDeploymentPostprocessing = 0;
		};
/* End PBXFrameworksBuildPhase section */

/* Begin PBXGroup section */
		F205A6732884296B00C9BF0B = {
			isa = PBXGroup;
			children = (
				F205A67E2884296B00C9BF0B /* todo */,
				F205A68F2884296D00C9BF0B /* todoTests */,
				F205A6992884296D00C9BF0B /* todoUITests */,
				F205A67D2884296B00C9BF0B /* Products */,
			);
			sourceTree = "<group>";
		};
		F205A67D2884296B00C9BF0B /* Products */ = {
			isa = PBXGroup;
			children = (
				F205A67C2884296B00C9BF0B /* todo.app */,
				F205A68C2884296D00C9BF0B /* todoTests.xctest */,
				F205A6962884296D00C9BF0B /* todoUITests.xctest */,
			);
			name = Products;
			sourceTree = "<group>";
		};
		F205A67E2884296B00C9BF0B /* todo */ = {
			isa = PBXGroup;
			children = (
				F205A67F2884296B00C9BF0B /* todoApp.swift */,
				F205A6812884296B00C9BF0B /* ContentView.swift */,
				F205A6832884296D00C9BF0B /* Assets.xcassets */,
				F205A6852884296D00C9BF0B /* Preview Content */,
				F205A6A92884349B00C9BF0B /* Todo.swift */,
				F205A6AB28843D8900C9BF0B /* TodoView.swift */,
				F205A6AD2884530400C9BF0B /* TodosView.swift */,
			);
			path = todo;
			sourceTree = "<group>";
		};
		F205A6852884296D00C9BF0B /* Preview Content */ = {
			isa = PBXGroup;
			children = (
				F205A6862884296D00C9BF0B /* Preview Assets.xcassets */,
			);
			path = "Preview Content";
			sourceTree = "<group>";
		};
		F205A68F2884296D00C9BF0B /* todoTests */ = {
			isa = PBXGroup;
			children = (
				F205A6902884296D00C9BF0B /* todoTests.swift */,
			);
			path = todoTests;
			sourceTree = "<group>";
		};
		F205A6992884296D00C9BF0B /* todoUITests */ = {
			isa = PBXGroup;
			children = (
				F205A69A2884296D00C9BF0B /* todoUITests.swift */,
				F205A69C2884296D00C9BF0B /* todoUITestsLaunchTests.swift */,
			);
			path = todoUITests;
			sourceTree = "<group>";
		};
/* End PBXGroup section */

/* Begin PBXNativeTarget section */
		F205A67B2884296B00C9BF0B /* todo */ = {
			isa = PBXNativeTarget;
			buildConfigurationList = F205A6A02884296D00C9BF0B /* Build configuration list for PBXNativeTarget "todo" */;
			buildPhases = (
				F205A6782884296B00C9BF0B /* Sources */,
				F205A6792884296B00C9BF0B /* Frameworks */,
				F205A67A2884296B00C9BF0B /* Resources */,
			);
			buildRules = (
			);
			dependencies = (
			);
			name = todo;
			productName = todo;
			productReference = F205A67C2884296B00C9BF0B /* todo.app */;
			productType = "com.apple.product-type.application";
		};
		F205A68B2884296D00C9BF0B /* todoTests */ = {
			isa = PBXNativeTarget;
			buildConfigurationList = F205A6A32884296D00C9BF0B /* Build configuration list for PBXNativeTarget "todoTests" */;
			buildPhases = (
				F205A6882884296D00C9BF0B /* Sources */,
				F205A6892884296D00C9BF0B /* Frameworks */,
				F205A68A2884296D00C9BF0B /* Resources */,
			);
			buildRules = (
			);
			dependencies = (
				F205A68E2884296D00C9BF0B /* PBXTargetDependency */,
			);
			name = todoTests;
			productName = todoTests;
			productReference = F205A68C2884296D00C9BF0B /* todoTests.xctest */;
			productType = "com.apple.product-type.bundle.unit-test";
		};
		F205A6952884296D00C9BF0B /* todoUITests */ = {
			isa = PBXNativeTarget;
			buildConfigurationList = F205A6A62884296D00C9BF0B /* Build configuration list for PBXNativeTarget "todoUITests" */;
			buildPhases = (
				F205A6922884296D00C9BF0B /* Sources */,
				F205A6932884296D00C9BF0B /* Frameworks */,
				F205A6942884296D00C9BF0B /* Resources */,
			);
			buildRules = (
			);
			dependencies = (
				F205A6982884296D00C9BF0B /* PBXTargetDependency */,
			);
			name = todoUITests;
			productName = todoUITests;
			productReference = F205A6962884296D00C9BF0B /* todoUITests.xctest */;
			productType = "com.apple.product-type.bundle.ui-testing";
		};
/* End PBXNativeTarget section */

/* Begin PBXProject section */
		F205A6742884296B00C9BF0B /* Project object */ = {
			isa = PBXProject;
			attributes = {
				BuildIndependentTargetsInParallel = 1;
				LastSwiftUpdateCheck = 1340;
				LastUpgradeCheck = 1340;
				TargetAttributes = {
					F205A67B2884296B00C9BF0B = {
						CreatedOnToolsVersion = 13.4.1;
					};
					F205A68B2884296D00C9BF0B = {
						CreatedOnToolsVersion = 13.4.1;
						TestTargetID = F205A67B2884296B00C9BF0B;
					};
					F205A6952884296D00C9BF0B = {
						CreatedOnToolsVersion = 13.4.1;
						TestTargetID = F205A67B2884296B00C9BF0B;
					};
				};
			};
			buildConfigurationList = F205A6772884296B00C9BF0B /* Build configuration list for PBXProject "todo" */;
			compatibilityVersion = "Xcode 13.0";
			developmentRegion = en;
			hasScannedForEncodings = 0;
			knownRegions = (
				en,
				Base,
			);
			mainGroup = F205A6732884296B00C9BF0B;
			productRefGroup = F205A67D2884296B00C9BF0B /* Products */;
			projectDirPath = "";
			projectRoot = "";
			targets = (
				F205A67B2884296B00C9BF0B /* todo */,
				F205A68B2884296D00C9BF0B /* todoTests */,
				F205A6952884296D00C9BF0B /* todoUITests */,
			);
		};
/* End PBXProject section */

/* Begin PBXResourcesBuildPhase section */
		F205A67A2884296B00C9BF0B /* Resources */ = {
			isa = PBXResourcesBuildPhase;
			buildActionMask = 2147483647;
			files = (
				F205A6872884296D00C9BF0B /* Preview Assets.xcassets in Resources */,
				F205A6842884296D00C9BF0B /* Assets.xcassets in Resources */,
			);
			runOnlyForDeploymentPostprocessing = 0;
		};
		F205A68A2884296D00C9BF0B /* Resources */ = {
			isa = PBXResourcesBuildPhase;
			buildActionMask = 2147483647;
			files = (
			);
			runOnlyForDeploymentPostprocessing = 0;
		};
		F205A6942884296D00C9BF0B /* Resources */ = {
			isa = PBXResourcesBuildPhase;
			buildActionMask = 2147483647;
			files = (
			);
			runOnlyForDeploymentPostprocessing = 0;
		};
/* End PBXResourcesBuildPhase section */

/* Begin PBXSourcesBuildPhase section */
		F205A6782884296B00C9BF0B /* Sources */ = {
			isa = PBXSourcesBuildPhase;
			buildActionMask = 2147483647;
			files = (
				F205A6AE2884530400C9BF0B /* TodosView.swift in Sources */,
				F205A6822884296B00C9BF0B /* ContentView.swift in Sources */,
				F205A6AA2884349B00C9BF0B /* Todo.swift in Sources */,
				F205A6AC28843D8900C9BF0B /* TodoView.swift in Sources */,
				F205A6802884296B00C9BF0B /* todoApp.swift in Sources */,
			);
			runOnlyForDeploymentPostprocessing = 0;
		};
		F205A6882884296D00C9BF0B /* Sources */ = {
			isa = PBXSourcesBuildPhase;
			buildActionMask = 2147483647;
			files = (
				F205A6912884296D00C9BF0B /* todoTests.swift in Sources */,
			);
			runOnlyForDeploymentPostprocessing = 0;
		};
		F205A6922884296D00C9BF0B /* Sources */ = {
			isa = PBXSourcesBuildPhase;
			buildActionMask = 2147483647;
			files = (
				F205A69D2884296D00C9BF0B /* todoUITestsLaunchTests.swift in Sources */,
				F205A69B2884296D00C9BF0B /* todoUITests.swift in Sources */,
			);
			runOnlyForDeploymentPostprocessing = 0;
		};
/* End PBXSourcesBuildPhase section */

/* Begin PBXTargetDependency section */
		F205A68E2884296D00C9BF0B /* PBXTargetDependency */ = {
			isa = PBXTargetDependency;
			target = F205A67B2884296B00C9BF0B /* todo */;
			targetProxy = F205A68D2884296D00C9BF0B /* PBXContainerItemProxy */;
		};
		F205A6982884296D00C9BF0B /* PBXTargetDependency */ = {
			isa = PBXTargetDependency;
			target = F205A67B2884296B00C9BF0B /* todo */;
			targetProxy = F205A6972884296D00C9BF0B /* PBXContainerItemProxy */;
		};
/* End PBXTargetDependency section */

/* Begin XCBuildConfiguration section */
		F205A69E2884296D00C9BF0B /* Debug */ = {
			isa = XCBuildConfiguration;
			buildSettings = {
				ALWAYS_SEARCH_USER_PATHS = NO;
				CLANG_ANALYZER_NONNULL = YES;
				CLANG_ANALYZER_NUMBER_OBJECT_CONVERSION = YES_AGGRESSIVE;
				CLANG_CXX_LANGUAGE_STANDARD = "gnu++17";
				CLANG_ENABLE_MODULES = YES;
				CLANG_ENABLE_OBJC_ARC = YES;
				CLANG_ENABLE_OBJC_WEAK = YES;
				CLANG_WARN_BLOCK_CAPTURE_AUTORELEASING = YES;
				CLANG_WARN_BOOL_CONVERSION = YES;
				CLANG_WARN_COMMA = YES;
				CLANG_WARN_CONSTANT_CONVERSION = YES;
				CLANG_WARN_DEPRECATED_OBJC_IMPLEMENTATIONS = YES;
				CLANG_WARN_DIRECT_OBJC_ISA_USAGE = YES_ERROR;
				CLANG_WARN_DOCUMENTATION_COMMENTS = YES;
				CLANG_WARN_EMPTY_BODY = YES;
				CLANG_WARN_ENUM_CONVERSION = YES;
				CLANG_WARN_INFINITE_RECURSION = YES;
				CLANG_WARN_INT_CONVERSION = YES;
				CLANG_WARN_NON_LITERAL_NULL_CONVERSION = YES;
				CLANG_WARN_OBJC_IMPLICIT_RETAIN_SELF = YES;
				CLANG_WARN_OBJC_LITERAL_CONVERSION = YES;
				CLANG_WARN_OBJC_ROOT_CLASS = YES_ERROR;
				CLANG_WARN_QUOTED_INCLUDE_IN_FRAMEWORK_HEADER = YES;
				CLANG_WARN_RANGE_LOOP_ANALYSIS = YES;
				CLANG_WARN_STRICT_PROTOTYPES = YES;
				CLANG_WARN_SUSPICIOUS_MOVE = YES;
				CLANG_WARN_UNGUARDED_AVAILABILITY = YES_AGGRESSIVE;
				CLANG_WARN_UNREACHABLE_CODE = YES;
				CLANG_WARN__DUPLICATE_METHOD_MATCH = YES;
				COPY_PHASE_STRIP = NO;
				DEBUG_INFORMATION_FORMAT = dwarf;
				ENABLE_STRICT_OBJC_MSGSEND = YES;
				ENABLE_TESTABILITY = YES;
				GCC_C_LANGUAGE_STANDARD = gnu11;
				GCC_DYNAMIC_NO_PIC = NO;
				GCC_NO_COMMON_BLOCKS = YES;
				GCC_OPTIMIZATION_LEVEL = 0;
				GCC_PREPROCESSOR_DEFINITIONS = (
					"DEBUG=1",
					"$(inherited)",
				);
				GCC_WARN_64_TO_32_BIT_CONVERSION = YES;
				GCC_WARN_ABOUT_RETURN_TYPE = YES_ERROR;
				GCC_WARN_UNDECLARED_SELECTOR = YES;
				GCC_WARN_UNINITIALIZED_AUTOS = YES_AGGRESSIVE;
				GCC_WARN_UNUSED_FUNCTION = YES;
				GCC_WARN_UNUSED_VARIABLE = YES;
				IPHONEOS_DEPLOYMENT_TARGET = 15.5;
				MTL_ENABLE_DEBUG_INFO = INCLUDE_SOURCE;
				MTL_FAST_MATH = YES;
				ONLY_ACTIVE_ARCH = YES;
				SDKROOT = iphoneos;
				SWIFT_ACTIVE_COMPILATION_CONDITIONS = DEBUG;
				SWIFT_OPTIMIZATION_LEVEL = "-Onone";
			};
			name = Debug;
		};
		F205A69F2884296D00C9BF0B /* Release */ = {
			isa = XCBuildConfiguration;
			buildSettings = {
				ALWAYS_SEARCH_USER_PATHS = NO;
				CLANG_ANALYZER_NONNULL = YES;
				CLANG_ANALYZER_NUMBER_OBJECT_CONVERSION = YES_AGGRESSIVE;
				CLANG_CXX_LANGUAGE_STANDARD = "gnu++17";
				CLANG_ENABLE_MODULES = YES;
				CLANG_ENABLE_OBJC_ARC = YES;
				CLANG_ENABLE_OBJC_WEAK = YES;
				CLANG_WARN_BLOCK_CAPTURE_AUTORELEASING = YES;
				CLANG_WARN_BOOL_CONVERSION = YES;
				CLANG_WARN_COMMA = YES;
				CLANG_WARN_CONSTANT_CONVERSION = YES;
				CLANG_WARN_DEPRECATED_OBJC_IMPLEMENTATIONS = YES;
				CLANG_WARN_DIRECT_OBJC_ISA_USAGE = YES_ERROR;
				CLANG_WARN_DOCUMENTATION_COMMENTS = YES;
				CLANG_WARN_EMPTY_BODY = YES;
				CLANG_WARN_ENUM_CONVERSION = YES;
				CLANG_WARN_INFINITE_RECURSION = YES;
				CLANG_WARN_INT_CONVERSION = YES;
				CLANG_WARN_NON_LITERAL_NULL_CONVERSION = YES;
				CLANG_WARN_OBJC_IMPLICIT_RETAIN_SELF = YES;
				CLANG_WARN_OBJC_LITERAL_CONVERSION = YES;
				CLANG_WARN_OBJC_ROOT_CLASS = YES_ERROR;
				CLANG_WARN_QUOTED_INCLUDE_IN_FRAMEWORK_HEADER = YES;
				CLANG_WARN_RANGE_LOOP_ANALYSIS = YES;
				CLANG_WARN_STRICT_PROTOTYPES = YES;
				CLANG_WARN_SUSPICIOUS_MOVE = YES;
				CLANG_WARN_UNGUARDED_AVAILABILITY = YES_AGGRESSIVE;
				CLANG_WARN_UNREACHABLE_CODE = YES;
				CLANG_WARN__DUPLICATE_METHOD_MATCH = YES;
				COPY_PHASE_STRIP = NO;
				DEBUG_INFORMATION_FORMAT = "dwarf-with-dsym";
				ENABLE_NS_ASSERTIONS = NO;
				ENABLE_STRICT_OBJC_MSGSEND = YES;
				GCC_C_LANGUAGE_STANDARD = gnu11;
				GCC_NO_COMMON_BLOCKS = YES;
				GCC_WARN_64_TO_32_BIT_CONVERSION = YES;
				GCC_WARN_ABOUT_RETURN_TYPE = YES_ERROR;
				GCC_WARN_UNDECLARED_SELECTOR = YES;
				GCC_WARN_UNINITIALIZED_AUTOS = YES_AGGRESSIVE;
				GCC_WARN_UNUSED_FUNCTION = YES;
				GCC_WARN_UNUSED_VARIABLE = YES;
				IPHONEOS_DEPLOYMENT_TARGET = 15.5;
				MTL_ENABLE_DEBUG_INFO = NO;
				MTL_FAST_MATH = YES;
				SDKROOT = iphoneos;
				SWIFT_COMPILATION_MODE = wholemodule;
				SWIFT_OPTIMIZATION_LEVEL = "-O";
				VALIDATE_PRODUCT = YES;
			};
			name = Release;
		};
		F205A6A12884296D00C9BF0B /* Debug */ = {
			isa = XCBuildConfiguration;
			buildSettings = {
				ASSETCATALOG_COMPILER_APPICON_NAME = AppIcon;
				ASSETCATALOG_COMPILER_GLOBAL_ACCENT_COLOR_NAME = AccentColor;
				CODE_SIGN_STYLE = Automatic;
				CURRENT_PROJECT_VERSION = 1;
				DEVELOPMENT_ASSET_PATHS = "\"todo/Preview Content\"";
				DEVELOPMENT_TEAM = 58GBKW7XZ4;
				ENABLE_PREVIEWS = YES;
				GENERATE_INFOPLIST_FILE = YES;
				INFOPLIST_KEY_UIApplicationSceneManifest_Generation = YES;
				INFOPLIST_KEY_UIApplicationSupportsIndirectInputEvents = YES;
				INFOPLIST_KEY_UILaunchScreen_Generation = YES;
				INFOPLIST_KEY_UISupportedInterfaceOrientations_iPad = "UIInterfaceOrientationPortrait UIInterfaceOrientationPortraitUpsideDown UIInterfaceOrientationLandscapeLeft UIInterfaceOrientationLandscapeRight";
				INFOPLIST_KEY_UISupportedInterfaceOrientations_iPhone = "UIInterfaceOrientationPortrait UIInterfaceOrientationLandscapeLeft UIInterfaceOrientationLandscapeRight";
				LD_RUNPATH_SEARCH_PATHS = (
					"$(inherited)",
					"@executable_path/Frameworks",
				);
				MARKETING_VERSION = 1.0;
				PRODUCT_BUNDLE_IDENTIFIER = dev.junyu.samplecode.todo.todo;
				PRODUCT_NAME = "$(TARGET_NAME)";
				SWIFT_EMIT_LOC_STRINGS = YES;
				SWIFT_VERSION = 5.0;
				TARGETED_DEVICE_FAMILY = "1,2";
			};
			name = Debug;
		};
		F205A6A22884296D00C9BF0B /* Release */ = {
			isa = XCBuildConfiguration;
			buildSettings = {
				ASSETCATALOG_COMPILER_APPICON_NAME = AppIcon;
				ASSETCATALOG_COMPILER_GLOBAL_ACCENT_COLOR_NAME = AccentColor;
				CODE_SIGN_STYLE = Automatic;
				CURRENT_PROJECT_VERSION = 1;
				DEVELOPMENT_ASSET_PATHS = "\"todo/Preview Content\"";
				DEVELOPMENT_TEAM = 58GBKW7XZ4;
				ENABLE_PREVIEWS = YES;
				GENERATE_INFOPLIST_FILE = YES;
				INFOPLIST_KEY_UIApplicationSceneManifest_Generation = YES;
				INFOPLIST_KEY_UIApplicationSupportsIndirectInputEvents = YES;
				INFOPLIST_KEY_UILaunchScreen_Generation = YES;
				INFOPLIST_KEY_UISupportedInterfaceOrientations_iPad = "UIInterfaceOrientationPortrait UIInterfaceOrientationPortraitUpsideDown UIInterfaceOrientationLandscapeLeft UIInterfaceOrientationLandscapeRight";
				INFOPLIST_KEY_UISupportedInterfaceOrientations_iPhone = "UIInterfaceOrientationPortrait UIInterfaceOrientationLandscapeLeft UIInterfaceOrientationLandscapeRight";
				LD_RUNPATH_SEARCH_PATHS = (
					"$(inherited)",
					"@executable_path/Frameworks",
				);
				MARKETING_VERSION = 1.0;
				PRODUCT_BUNDLE_IDENTIFIER = dev.junyu.samplecode.todo.todo;
				PRODUCT_NAME = "$(TARGET_NAME)";
				SWIFT_EMIT_LOC_STRINGS = YES;
				SWIFT_VERSION = 5.0;
				TARGETED_DEVICE_FAMILY = "1,2";
			};
			name = Release;
		};
		F205A6A42884296D00C9BF0B /* Debug */ = {
			isa = XCBuildConfiguration;
			buildSettings = {
				ALWAYS_EMBED_SWIFT_STANDARD_LIBRARIES = YES;
				BUNDLE_LOADER = "$(TEST_HOST)";
				CODE_SIGN_STYLE = Automatic;
				CURRENT_PROJECT_VERSION = 1;
				DEVELOPMENT_TEAM = 58GBKW7XZ4;
				GENERATE_INFOPLIST_FILE = YES;
				IPHONEOS_DEPLOYMENT_TARGET = 15.5;
				MARKETING_VERSION = 1.0;
				PRODUCT_BUNDLE_IDENTIFIER = dev.junyu.samplecode.todo.todoTests;
				PRODUCT_NAME = "$(TARGET_NAME)";
				SWIFT_EMIT_LOC_STRINGS = NO;
				SWIFT_VERSION = 5.0;
				TARGETED_DEVICE_FAMILY = "1,2";
				TEST_HOST = "$(BUILT_PRODUCTS_DIR)/todo.app/todo";
			};
			name = Debug;
		};
		F205A6A52884296D00C9BF0B /* Release */ = {
			isa = XCBuildConfiguration;
			buildSettings = {
				ALWAYS_EMBED_SWIFT_STANDARD_LIBRARIES = YES;
				BUNDLE_LOADER = "$(TEST_HOST)";
				CODE_SIGN_STYLE = Automatic;
				CURRENT_PROJECT_VERSION = 1;
				DEVELOPMENT_TEAM = 58GBKW7XZ4;
				GENERATE_INFOPLIST_FILE = YES;
				IPHONEOS_DEPLOYMENT_TARGET = 15.5;
				MARKETING_VERSION = 1.0;
				PRODUCT_BUNDLE_IDENTIFIER = dev.junyu.samplecode.todo.todoTests;
				PRODUCT_NAME = "$(TARGET_NAME)";
				SWIFT_EMIT_LOC_STRINGS = NO;
				SWIFT_VERSION = 5.0;
				TARGETED_DEVICE_FAMILY = "1,2";
				TEST_HOST = "$(BUILT_PRODUCTS_DIR)/todo.app/todo";
			};
			name = Release;
		};
		F205A6A72884296D00C9BF0B /* Debug */ = {
			isa = XCBuildConfiguration;
			buildSettings = {
				ALWAYS_EMBED_SWIFT_STANDARD_LIBRARIES = YES;
				CODE_SIGN_STYLE = Automatic;
				CURRENT_PROJECT_VERSION = 1;
				DEVELOPMENT_TEAM = 58GBKW7XZ4;
				GENERATE_INFOPLIST_FILE = YES;
				MARKETING_VERSION = 1.0;
				PRODUCT_BUNDLE_IDENTIFIER = dev.junyu.samplecode.todo.todoUITests;
				PRODUCT_NAME = "$(TARGET_NAME)";
				SWIFT_EMIT_LOC_STRINGS = NO;
				SWIFT_VERSION = 5.0;
				TARGETED_DEVICE_FAMILY = "1,2";
				TEST_TARGET_NAME = todo;
			};
			name = Debug;
		};
		F205A6A82884296D00C9BF0B /* Release */ = {
			isa = XCBuildConfiguration;
			buildSettings = {
				ALWAYS_EMBED_SWIFT_STANDARD_LIBRARIES = YES;
				CODE_SIGN_STYLE = Automatic;
				CURRENT_PROJECT_VERSION = 1;
				DEVELOPMENT_TEAM = 58GBKW7XZ4;
				GENERATE_INFOPLIST_FILE = YES;
				MARKETING_VERSION = 1.0;
				PRODUCT_BUNDLE_IDENTIFIER = dev.junyu.samplecode.todo.todoUITests;
				PRODUCT_NAME = "$(TARGET_NAME)";
				SWIFT_EMIT_LOC_STRINGS = NO;
				SWIFT_VERSION = 5.0;
				TARGETED_DEVICE_FAMILY = "1,2";
				TEST_TARGET_NAME = todo;
			};
			name = Release;
		};
/* End XCBuildConfiguration section */

/* Begin XCConfigurationList section */
		F205A6772884296B00C9BF0B /* Build configuration list for PBXProject "todo" */ = {
			isa = XCConfigurationList;
			buildConfigurations = (
				F205A69E2884296D00C9BF0B /* Debug */,
				F205A69F2884296D00C9BF0B /* Release */,
			);
			defaultConfigurationIsVisible = 0;
			defaultConfigurationName = Release;
		};
		F205A6A02884296D00C9BF0B /* Build configuration list for PBXNativeTarget "todo" */ = {
			isa = XCConfigurationList;
			buildConfigurations = (
				F205A6A12884296D00C9BF0B /* Debug */,
				F205A6A22884296D00C9BF0B /* Release */,
			);
			defaultConfigurationIsVisible = 0;
			defaultConfigurationName = Release;
		};
		F205A6A32884296D00C9BF0B /* Build configuration list for PBXNativeTarget "todoTests" */ = {
			isa = XCConfigurationList;
			buildConfigurations = (
				F205A6A42884296D00C9BF0B /* Debug */,
				F205A6A52884296D00C9BF0B /* Release */,
			);
			defaultConfigurationIsVisible = 0;
			defaultConfigurationName = Release;
		};
		F205A6A62884296D00C9BF0B /* Build configuration list for PBXNativeTarget "todoUITests" */ = {
			isa = XCConfigurationList;
			buildConfigurations = (
				F205A6A72884296D00C9BF0B /* Debug */,
				F205A6A82884296D00C9BF0B /* Release */,
			);
			defaultConfigurationIsVisible = 0;
			defaultConfigurationName = Release;
		};
/* End XCConfigurationList section */
	};
	rootObject = F205A6742884296B00C9BF0B /* Project object */;
}
